
Microsoft Visual Studio Solution File, Format Version 12.00
# Visual Studio 15
VisualStudioVersion = 15.0.27004.2005
MinimumVisualStudioVersion = 10.0.40219.1
Project("{9A19103F-16F7-4668-BE54-9A1E7A4F7556}") = "OnlineTechStore.Web", "Web\OnlineTechStore.Web\OnlineTechStore.Web.csproj", "{DE8C43F6-59BC-4D6E-AFC2-6ECBBE5A54ED}"
EndProject
Project("{2150E333-8FDC-42A3-9474-1A3956D46DE8}") = "Web", "Web", "{759BC5FB-BFE1-46BE-93E6-B054FDF9214B}"
EndProject
Project("{2150E333-8FDC-42A3-9474-1A3956D46DE8}") = "Data", "Data", "{2D296B70-4DDA-4736-A653-D5F7A2D578BF}"
EndProject
Project("{9A19103F-16F7-4668-BE54-9A1E7A4F7556}") = "OnlineTechStore.Data", "Data\OnlineTechStore.Data\OnlineTechStore.Data.csproj", "{8843CB2F-A0CD-4949-A66A-A211F6A1FCB8}"
EndProject
Project("{FAE04EC0-301F-11D3-BF4B-00C04F79EFBC}") = "OnlineTechStore.Data.Models", "Data\OnlineTechStore.Data.Models\OnlineTechStore.Data.Models.csproj", "{899FF770-34F4-4547-9C0B-EF2C3F3DF24F}"
EndProject
Global
	GlobalSection(SolutionConfigurationPlatforms) = preSolution
		Debug|Any CPU = Debug|Any CPU
		Release|Any CPU = Release|Any CPU
	EndGlobalSection
	GlobalSection(ProjectConfigurationPlatforms) = postSolution
		{DE8C43F6-59BC-4D6E-AFC2-6ECBBE5A54ED}.Debug|Any CPU.ActiveCfg = Debug|Any CPU
		{DE8C43F6-59BC-4D6E-AFC2-6ECBBE5A54ED}.Debug|Any CPU.Build.0 = Debug|Any CPU
		{DE8C43F6-59BC-4D6E-AFC2-6ECBBE5A54ED}.Release|Any CPU.ActiveCfg = Release|Any CPU
		{DE8C43F6-59BC-4D6E-AFC2-6ECBBE5A54ED}.Release|Any CPU.Build.0 = Release|Any CPU
		{8843CB2F-A0CD-4949-A66A-A211F6A1FCB8}.Debug|Any CPU.ActiveCfg = Debug|Any CPU
		{8843CB2F-A0CD-4949-A66A-A211F6A1FCB8}.Debug|Any CPU.Build.0 = Debug|Any CPU
		{8843CB2F-A0CD-4949-A66A-A211F6A1FCB8}.Release|Any CPU.ActiveCfg = Release|Any CPU
		{8843CB2F-A0CD-4949-A66A-A211F6A1FCB8}.Release|Any CPU.Build.0 = Release|Any CPU
		{899FF770-34F4-4547-9C0B-EF2C3F3DF24F}.Debug|Any CPU.ActiveCfg = Debug|Any CPU
		{899FF770-34F4-4547-9C0B-EF2C3F3DF24F}.Debug|Any CPU.Build.0 = Debug|Any CPU
		{899FF770-34F4-4547-9C0B-EF2C3F3DF24F}.Release|Any CPU.ActiveCfg = Release|Any CPU
		{899FF770-34F4-4547-9C0B-EF2C3F3DF24F}.Release|Any CPU.Build.0 = Release|Any CPU
	EndGlobalSection
	GlobalSection(SolutionProperties) = preSolution
		HideSolutionNode = FALSE
	EndGlobalSection
	GlobalSection(NestedProjects) = preSolution
		{DE8C43F6-59BC-4D6E-AFC2-6ECBBE5A54ED} = {759BC5FB-BFE1-46BE-93E6-B054FDF9214B}
		{8843CB2F-A0CD-4949-A66A-A211F6A1FCB8} = {2D296B70-4DDA-4736-A653-D5F7A2D578BF}
		{899FF770-34F4-4547-9C0B-EF2C3F3DF24F} = {2D296B70-4DDA-4736-A653-D5F7A2D578BF}
	EndGlobalSection
	GlobalSection(ExtensibilityGlobals) = postSolution
		SolutionGuid = {DE5B3A78-D34E-41C4-8FC1-D27E680DCC2D}
	EndGlobalSection
EndGlobal
